// !$*UTF8*$!
{
	archiveVersion = 1;
	classes = {
	};
	objectVersion = 50;
	objects = {

/* Begin PBXBuildFile section */
		5A46CB0526DE259D00713B5D /* Model.swift in Sources */ = {isa = PBXBuildFile; fileRef = 5A46CB0426DE259D00713B5D /* Model.swift */; };
		5A46CB0826DE331900713B5D /* DataPreparation.swift in Sources */ = {isa = PBXBuildFile; fileRef = 5A46CB0726DE331900713B5D /* DataPreparation.swift */; };
		5A46CB0A26DE5C1500713B5D /* DailyForcastVC.swift in Sources */ = {isa = PBXBuildFile; fileRef = 5A46CB0926DE5C1500713B5D /* DailyForcastVC.swift */; };
		5A46CB0C26DE5C4400713B5D /* DailyForcastPresenter.swift in Sources */ = {isa = PBXBuildFile; fileRef = 5A46CB0B26DE5C4400713B5D /* DailyForcastPresenter.swift */; };
		5A46CB0F26DE692600713B5D /* CellForDailyForcastTV.swift in Sources */ = {isa = PBXBuildFile; fileRef = 5A46CB0E26DE692600713B5D /* CellForDailyForcastTV.swift */; };
		5A8917C626E0FF8D003BCD56 /* ConfigData.swift in Sources */ = {isa = PBXBuildFile; fileRef = 5A8917C526E0FF8D003BCD56 /* ConfigData.swift */; };
		5A8917C826E10317003BCD56 /* LocationVC.swift in Sources */ = {isa = PBXBuildFile; fileRef = 5A8917C726E10317003BCD56 /* LocationVC.swift */; };
		5A8917CA26E22429003BCD56 /* WeeklyForecastPresenter.swift in Sources */ = {isa = PBXBuildFile; fileRef = 5A8917C926E22429003BCD56 /* WeeklyForecastPresenter.swift */; };
		5A8917CC26E22435003BCD56 /* WeeklyForcastVC.swift in Sources */ = {isa = PBXBuildFile; fileRef = 5A8917CB26E22435003BCD56 /* WeeklyForcastVC.swift */; };
		B22EF29226DE1D8700D389C1 /* AppDelegate.swift in Sources */ = {isa = PBXBuildFile; fileRef = B22EF29126DE1D8700D389C1 /* AppDelegate.swift */; };
		B22EF29426DE1D8700D389C1 /* SceneDelegate.swift in Sources */ = {isa = PBXBuildFile; fileRef = B22EF29326DE1D8700D389C1 /* SceneDelegate.swift */; };
		B22EF29626DE1D8700D389C1 /* HomeController.swift in Sources */ = {isa = PBXBuildFile; fileRef = B22EF29526DE1D8700D389C1 /* HomeController.swift */; };
		B22EF29926DE1D8700D389C1 /* Main.storyboard in Resources */ = {isa = PBXBuildFile; fileRef = B22EF29726DE1D8700D389C1 /* Main.storyboard */; };
		B22EF29C26DE1D8700D389C1 /* WeatherApp.xcdatamodeld in Sources */ = {isa = PBXBuildFile; fileRef = B22EF29A26DE1D8700D389C1 /* WeatherApp.xcdatamodeld */; };
		B22EF29E26DE1D8800D389C1 /* Assets.xcassets in Resources */ = {isa = PBXBuildFile; fileRef = B22EF29D26DE1D8800D389C1 /* Assets.xcassets */; };
		B22EF2A126DE1D8800D389C1 /* LaunchScreen.storyboard in Resources */ = {isa = PBXBuildFile; fileRef = B22EF29F26DE1D8800D389C1 /* LaunchScreen.storyboard */; };
		B22EF2AD26DE596600D389C1 /* HomePresenter.swift in Sources */ = {isa = PBXBuildFile; fileRef = B22EF2AC26DE596600D389C1 /* HomePresenter.swift */; };
		B293B64126DF661A00801276 /* ManageCoreData.swift in Sources */ = {isa = PBXBuildFile; fileRef = B293B64026DF661A00801276 /* ManageCoreData.swift */; };
/* End PBXBuildFile section */

/* Begin PBXFileReference section */
		5A46CB0426DE259D00713B5D /* Model.swift */ = {isa = PBXFileReference; lastKnownFileType = sourcecode.swift; path = Model.swift; sourceTree = "<group>"; };
		5A46CB0726DE331900713B5D /* DataPreparation.swift */ = {isa = PBXFileReference; lastKnownFileType = sourcecode.swift; path = DataPreparation.swift; sourceTree = "<group>"; };
		5A46CB0926DE5C1500713B5D /* DailyForcastVC.swift */ = {isa = PBXFileReference; lastKnownFileType = sourcecode.swift; path = DailyForcastVC.swift; sourceTree = "<group>"; };
		5A46CB0B26DE5C4400713B5D /* DailyForcastPresenter.swift */ = {isa = PBXFileReference; lastKnownFileType = sourcecode.swift; name = DailyForcastPresenter.swift; path = WeatherApp/Controller/DailyForcastPresenter.swift; sourceTree = SOURCE_ROOT; };
		5A46CB0E26DE692600713B5D /* CellForDailyForcastTV.swift */ = {isa = PBXFileReference; lastKnownFileType = sourcecode.swift; path = CellForDailyForcastTV.swift; sourceTree = "<group>"; };
		5A8917C526E0FF8D003BCD56 /* ConfigData.swift */ = {isa = PBXFileReference; fileEncoding = 4; lastKnownFileType = sourcecode.swift; path = ConfigData.swift; sourceTree = "<group>"; };
		5A8917C726E10317003BCD56 /* LocationVC.swift */ = {isa = PBXFileReference; fileEncoding = 4; lastKnownFileType = sourcecode.swift; path = LocationVC.swift; sourceTree = "<group>"; };
		5A8917C926E22429003BCD56 /* WeeklyForecastPresenter.swift */ = {isa = PBXFileReference; fileEncoding = 4; lastKnownFileType = sourcecode.swift; path = WeeklyForecastPresenter.swift; sourceTree = "<group>"; };
		5A8917CB26E22435003BCD56 /* WeeklyForcastVC.swift */ = {isa = PBXFileReference; fileEncoding = 4; lastKnownFileType = sourcecode.swift; path = WeeklyForcastVC.swift; sourceTree = "<group>"; };
		B22EF28E26DE1D8700D389C1 /* WeatherApp.app */ = {isa = PBXFileReference; explicitFileType = wrapper.application; includeInIndex = 0; path = WeatherApp.app; sourceTree = BUILT_PRODUCTS_DIR; };
		B22EF29126DE1D8700D389C1 /* AppDelegate.swift */ = {isa = PBXFileReference; lastKnownFileType = sourcecode.swift; path = AppDelegate.swift; sourceTree = "<group>"; };
		B22EF29326DE1D8700D389C1 /* SceneDelegate.swift */ = {isa = PBXFileReference; lastKnownFileType = sourcecode.swift; path = SceneDelegate.swift; sourceTree = "<group>"; };
		B22EF29526DE1D8700D389C1 /* HomeController.swift */ = {isa = PBXFileReference; lastKnownFileType = sourcecode.swift; path = HomeController.swift; sourceTree = "<group>"; };
		B22EF29826DE1D8700D389C1 /* Base */ = {isa = PBXFileReference; lastKnownFileType = file.storyboard; name = Base; path = Base.lproj/Main.storyboard; sourceTree = "<group>"; };
		B22EF29B26DE1D8700D389C1 /* WeatherApp.xcdatamodel */ = {isa = PBXFileReference; lastKnownFileType = wrapper.xcdatamodel; path = WeatherApp.xcdatamodel; sourceTree = "<group>"; };
		B22EF29D26DE1D8800D389C1 /* Assets.xcassets */ = {isa = PBXFileReference; lastKnownFileType = folder.assetcatalog; path = Assets.xcassets; sourceTree = "<group>"; };
		B22EF2A026DE1D8800D389C1 /* Base */ = {isa = PBXFileReference; lastKnownFileType = file.storyboard; name = Base; path = Base.lproj/LaunchScreen.storyboard; sourceTree = "<group>"; };
		B22EF2A226DE1D8800D389C1 /* Info.plist */ = {isa = PBXFileReference; lastKnownFileType = text.plist.xml; path = Info.plist; sourceTree = "<group>"; };
		B22EF2AC26DE596600D389C1 /* HomePresenter.swift */ = {isa = PBXFileReference; lastKnownFileType = sourcecode.swift; path = HomePresenter.swift; sourceTree = "<group>"; };
		B293B64026DF661A00801276 /* ManageCoreData.swift */ = {isa = PBXFileReference; lastKnownFileType = sourcecode.swift; path = ManageCoreData.swift; sourceTree = "<group>"; };
/* End PBXFileReference section */

/* Begin PBXFrameworksBuildPhase section */
		B22EF28B26DE1D8700D389C1 /* Frameworks */ = {
			isa = PBXFrameworksBuildPhase;
			buildActionMask = 2147483647;
			files = (
			);
			runOnlyForDeploymentPostprocessing = 0;
		};
/* End PBXFrameworksBuildPhase section */

/* Begin PBXGroup section */
		5A46CB0326DE258E00713B5D /* Model */ = {
			isa = PBXGroup;
			children = (
				5A46CB0426DE259D00713B5D /* Model.swift */,
			);
			path = Model;
			sourceTree = "<group>";
		};
		5A46CB0626DE32F400713B5D /* Service */ = {
			isa = PBXGroup;
			children = (
				5A46CB0726DE331900713B5D /* DataPreparation.swift */,
			);
			path = Service;
			sourceTree = "<group>";
		};
		5A46CB0D26DE68EE00713B5D /* Cell */ = {
			isa = PBXGroup;
			children = (
				5A46CB0E26DE692600713B5D /* CellForDailyForcastTV.swift */,
			);
			path = Cell;
			sourceTree = "<group>";
		};
		5A8917C426E0FF8D003BCD56 /* Config */ = {
			isa = PBXGroup;
			children = (
				5A8917C526E0FF8D003BCD56 /* ConfigData.swift */,
			);
			path = Config;
			sourceTree = "<group>";
		};
		B22EF28526DE1D8700D389C1 = {
			isa = PBXGroup;
			children = (
				B22EF29026DE1D8700D389C1 /* WeatherApp */,
				B22EF28F26DE1D8700D389C1 /* Products */,
			);
			sourceTree = "<group>";
		};
		B22EF28F26DE1D8700D389C1 /* Products */ = {
			isa = PBXGroup;
			children = (
				B22EF28E26DE1D8700D389C1 /* WeatherApp.app */,
			);
			name = Products;
			sourceTree = "<group>";
		};
		B22EF29026DE1D8700D389C1 /* WeatherApp */ = {
			isa = PBXGroup;
			children = (
				5A8917C426E0FF8D003BCD56 /* Config */,
				5A46CB0D26DE68EE00713B5D /* Cell */,
				B293B63F26DF652E00801276 /* CoreData */,
				5A46CB0626DE32F400713B5D /* Service */,
				B22EF2AB26DE30AA00D389C1 /* Presenter */,
				B22EF2AA26DE309000D389C1 /* Controller */,
				B22EF2A926DE307C00D389C1 /* Delegate */,
				B22EF2A826DE306A00D389C1 /* Storyboard */,
				5A46CB0326DE258E00713B5D /* Model */,
				B22EF29D26DE1D8800D389C1 /* Assets.xcassets */,
				B22EF2A226DE1D8800D389C1 /* Info.plist */,
				B22EF29A26DE1D8700D389C1 /* WeatherApp.xcdatamodeld */,
			);
			path = WeatherApp;
			sourceTree = "<group>";
		};
		B22EF2A826DE306A00D389C1 /* Storyboard */ = {
			isa = PBXGroup;
			children = (
				B22EF29726DE1D8700D389C1 /* Main.storyboard */,
				B22EF29F26DE1D8800D389C1 /* LaunchScreen.storyboard */,
			);
			path = Storyboard;
			sourceTree = "<group>";
		};
		B22EF2A926DE307C00D389C1 /* Delegate */ = {
			isa = PBXGroup;
			children = (
				B22EF29126DE1D8700D389C1 /* AppDelegate.swift */,
				B22EF29326DE1D8700D389C1 /* SceneDelegate.swift */,
			);
			path = Delegate;
			sourceTree = "<group>";
		};
		B22EF2AA26DE309000D389C1 /* Controller */ = {
			isa = PBXGroup;
			children = (
				5A8917CB26E22435003BCD56 /* WeeklyForcastVC.swift */,
				5A8917C726E10317003BCD56 /* LocationVC.swift */,
				B22EF29526DE1D8700D389C1 /* HomeController.swift */,
				5A46CB0926DE5C1500713B5D /* DailyForcastVC.swift */,
			);
			path = Controller;
			sourceTree = "<group>";
		};
		B22EF2AB26DE30AA00D389C1 /* Presenter */ = {
			isa = PBXGroup;
			children = (
				5A8917C926E22429003BCD56 /* WeeklyForecastPresenter.swift */,
				5A46CB0B26DE5C4400713B5D /* DailyForcastPresenter.swift */,
				B22EF2AC26DE596600D389C1 /* HomePresenter.swift */,
			);
			path = Presenter;
			sourceTree = "<group>";
		};
		B293B63F26DF652E00801276 /* CoreData */ = {
			isa = PBXGroup;
			children = (
				B293B64026DF661A00801276 /* ManageCoreData.swift */,
			);
			path = CoreData;
			sourceTree = "<group>";
		};
/* End PBXGroup section */

/* Begin PBXNativeTarget section */
		B22EF28D26DE1D8700D389C1 /* WeatherApp */ = {
			isa = PBXNativeTarget;
			buildConfigurationList = B22EF2A526DE1D8800D389C1 /* Build configuration list for PBXNativeTarget "WeatherApp" */;
			buildPhases = (
				B22EF28A26DE1D8700D389C1 /* Sources */,
				B22EF28B26DE1D8700D389C1 /* Frameworks */,
				B22EF28C26DE1D8700D389C1 /* Resources */,
			);
			buildRules = (
			);
			dependencies = (
			);
			name = WeatherApp;
			productName = WeatherApp;
			productReference = B22EF28E26DE1D8700D389C1 /* WeatherApp.app */;
			productType = "com.apple.product-type.application";
		};
/* End PBXNativeTarget section */

/* Begin PBXProject section */
		B22EF28626DE1D8700D389C1 /* Project object */ = {
			isa = PBXProject;
			attributes = {
				LastSwiftUpdateCheck = 1250;
				LastUpgradeCheck = 1250;
				TargetAttributes = {
					B22EF28D26DE1D8700D389C1 = {
						CreatedOnToolsVersion = 12.5.1;
					};
				};
			};
			buildConfigurationList = B22EF28926DE1D8700D389C1 /* Build configuration list for PBXProject "WeatherApp" */;
			compatibilityVersion = "Xcode 9.3";
			developmentRegion = en;
			hasScannedForEncodings = 0;
			knownRegions = (
				en,
				Base,
			);
			mainGroup = B22EF28526DE1D8700D389C1;
			productRefGroup = B22EF28F26DE1D8700D389C1 /* Products */;
			projectDirPath = "";
			projectRoot = "";
			targets = (
				B22EF28D26DE1D8700D389C1 /* WeatherApp */,
			);
		};
/* End PBXProject section */

/* Begin PBXResourcesBuildPhase section */
		B22EF28C26DE1D8700D389C1 /* Resources */ = {
			isa = PBXResourcesBuildPhase;
			buildActionMask = 2147483647;
			files = (
				B22EF2A126DE1D8800D389C1 /* LaunchScreen.storyboard in Resources */,
				B22EF29E26DE1D8800D389C1 /* Assets.xcassets in Resources */,
				B22EF29926DE1D8700D389C1 /* Main.storyboard in Resources */,
			);
			runOnlyForDeploymentPostprocessing = 0;
		};
/* End PBXResourcesBuildPhase section */

/* Begin PBXSourcesBuildPhase section */
		B22EF28A26DE1D8700D389C1 /* Sources */ = {
			isa = PBXSourcesBuildPhase;
			buildActionMask = 2147483647;
			files = (
				5A46CB0526DE259D00713B5D /* Model.swift in Sources */,
				5A46CB0826DE331900713B5D /* DataPreparation.swift in Sources */,
				5A8917CA26E22429003BCD56 /* WeeklyForecastPresenter.swift in Sources */,
				5A46CB0A26DE5C1500713B5D /* DailyForcastVC.swift in Sources */,
				5A8917C626E0FF8D003BCD56 /* ConfigData.swift in Sources */,
				5A46CB0C26DE5C4400713B5D /* DailyForcastPresenter.swift in Sources */,
				B22EF2AD26DE596600D389C1 /* HomePresenter.swift in Sources */,
				5A8917C826E10317003BCD56 /* LocationVC.swift in Sources */,
				5A8917CC26E22435003BCD56 /* WeeklyForcastVC.swift in Sources */,
				B293B64126DF661A00801276 /* ManageCoreData.swift in Sources */,
				B22EF29C26DE1D8700D389C1 /* WeatherApp.xcdatamodeld in Sources */,
				B22EF29626DE1D8700D389C1 /* HomeController.swift in Sources */,
				B22EF29226DE1D8700D389C1 /* AppDelegate.swift in Sources */,
				5A46CB0F26DE692600713B5D /* CellForDailyForcastTV.swift in Sources */,
				B22EF29426DE1D8700D389C1 /* SceneDelegate.swift in Sources */,
			);
			runOnlyForDeploymentPostprocessing = 0;
		};
/* End PBXSourcesBuildPhase section */

/* Begin PBXVariantGroup section */
		B22EF29726DE1D8700D389C1 /* Main.storyboard */ = {
			isa = PBXVariantGroup;
			children = (
				B22EF29826DE1D8700D389C1 /* Base */,
			);
			name = Main.storyboard;
			sourceTree = "<group>";
		};
		B22EF29F26DE1D8800D389C1 /* LaunchScreen.storyboard */ = {
			isa = PBXVariantGroup;
			children = (
				B22EF2A026DE1D8800D389C1 /* Base */,
			);
			name = LaunchScreen.storyboard;
			sourceTree = "<group>";
		};
/* End PBXVariantGroup section */

/* Begin XCBuildConfiguration section */
		B22EF2A326DE1D8800D389C1 /* Debug */ = {
			isa = XCBuildConfiguration;
			buildSettings = {
				ALWAYS_SEARCH_USER_PATHS = NO;
				CLANG_ANALYZER_NONNULL = YES;
				CLANG_ANALYZER_NUMBER_OBJECT_CONVERSION = YES_AGGRESSIVE;
				CLANG_CXX_LANGUAGE_STANDARD = "gnu++14";
				CLANG_CXX_LIBRARY = "libc++";
				CLANG_ENABLE_MODULES = YES;
				CLANG_ENABLE_OBJC_ARC = YES;
				CLANG_ENABLE_OBJC_WEAK = YES;
				CLANG_WARN_BLOCK_CAPTURE_AUTORELEASING = YES;
				CLANG_WARN_BOOL_CONVERSION = YES;
				CLANG_WARN_COMMA = YES;
				CLANG_WARN_CONSTANT_CONVERSION = YES;
				CLANG_WARN_DEPRECATED_OBJC_IMPLEMENTATIONS = YES;
				CLANG_WARN_DIRECT_OBJC_ISA_USAGE = YES_ERROR;
				CLANG_WARN_DOCUMENTATION_COMMENTS = YES;
				CLANG_WARN_EMPTY_BODY = YES;
				CLANG_WARN_ENUM_CONVERSION = YES;
				CLANG_WARN_INFINITE_RECURSION = YES;
				CLANG_WARN_INT_CONVERSION = YES;
				CLANG_WARN_NON_LITERAL_NULL_CONVERSION = YES;
				CLANG_WARN_OBJC_IMPLICIT_RETAIN_SELF = YES;
				CLANG_WARN_OBJC_LITERAL_CONVERSION = YES;
				CLANG_WARN_OBJC_ROOT_CLASS = YES_ERROR;
				CLANG_WARN_QUOTED_INCLUDE_IN_FRAMEWORK_HEADER = YES;
				CLANG_WARN_RANGE_LOOP_ANALYSIS = YES;
				CLANG_WARN_STRICT_PROTOTYPES = YES;
				CLANG_WARN_SUSPICIOUS_MOVE = YES;
				CLANG_WARN_UNGUARDED_AVAILABILITY = YES_AGGRESSIVE;
				CLANG_WARN_UNREACHABLE_CODE = YES;
				CLANG_WARN__DUPLICATE_METHOD_MATCH = YES;
				COPY_PHASE_STRIP = NO;
				DEBUG_INFORMATION_FORMAT = dwarf;
				ENABLE_STRICT_OBJC_MSGSEND = YES;
				ENABLE_TESTABILITY = YES;
				GCC_C_LANGUAGE_STANDARD = gnu11;
				GCC_DYNAMIC_NO_PIC = NO;
				GCC_NO_COMMON_BLOCKS = YES;
				GCC_OPTIMIZATION_LEVEL = 0;
				GCC_PREPROCESSOR_DEFINITIONS = (
					"DEBUG=1",
					"$(inherited)",
				);
				GCC_WARN_64_TO_32_BIT_CONVERSION = YES;
				GCC_WARN_ABOUT_RETURN_TYPE = YES_ERROR;
				GCC_WARN_UNDECLARED_SELECTOR = YES;
				GCC_WARN_UNINITIALIZED_AUTOS = YES_AGGRESSIVE;
				GCC_WARN_UNUSED_FUNCTION = YES;
				GCC_WARN_UNUSED_VARIABLE = YES;
				IPHONEOS_DEPLOYMENT_TARGET = 14.5;
				MTL_ENABLE_DEBUG_INFO = INCLUDE_SOURCE;
				MTL_FAST_MATH = YES;
				ONLY_ACTIVE_ARCH = YES;
				SDKROOT = iphoneos;
				SWIFT_ACTIVE_COMPILATION_CONDITIONS = DEBUG;
				SWIFT_OPTIMIZATION_LEVEL = "-Onone";
			};
			name = Debug;
		};
		B22EF2A426DE1D8800D389C1 /* Release */ = {
			isa = XCBuildConfiguration;
			buildSettings = {
				ALWAYS_SEARCH_USER_PATHS = NO;
				CLANG_ANALYZER_NONNULL = YES;
				CLANG_ANALYZER_NUMBER_OBJECT_CONVERSION = YES_AGGRESSIVE;
				CLANG_CXX_LANGUAGE_STANDARD = "gnu++14";
				CLANG_CXX_LIBRARY = "libc++";
				CLANG_ENABLE_MODULES = YES;
				CLANG_ENABLE_OBJC_ARC = YES;
				CLANG_ENABLE_OBJC_WEAK = YES;
				CLANG_WARN_BLOCK_CAPTURE_AUTORELEASING = YES;
				CLANG_WARN_BOOL_CONVERSION = YES;
				CLANG_WARN_COMMA = YES;
				CLANG_WARN_CONSTANT_CONVERSION = YES;
				CLANG_WARN_DEPRECATED_OBJC_IMPLEMENTATIONS = YES;
				CLANG_WARN_DIRECT_OBJC_ISA_USAGE = YES_ERROR;
				CLANG_WARN_DOCUMENTATION_COMMENTS = YES;
				CLANG_WARN_EMPTY_BODY = YES;
				CLANG_WARN_ENUM_CONVERSION = YES;
				CLANG_WARN_INFINITE_RECURSION = YES;
				CLANG_WARN_INT_CONVERSION = YES;
				CLANG_WARN_NON_LITERAL_NULL_CONVERSION = YES;
				CLANG_WARN_OBJC_IMPLICIT_RETAIN_SELF = YES;
				CLANG_WARN_OBJC_LITERAL_CONVERSION = YES;
				CLANG_WARN_OBJC_ROOT_CLASS = YES_ERROR;
				CLANG_WARN_QUOTED_INCLUDE_IN_FRAMEWORK_HEADER = YES;
				CLANG_WARN_RANGE_LOOP_ANALYSIS = YES;
				CLANG_WARN_STRICT_PROTOTYPES = YES;
				CLANG_WARN_SUSPICIOUS_MOVE = YES;
				CLANG_WARN_UNGUARDED_AVAILABILITY = YES_AGGRESSIVE;
				CLANG_WARN_UNREACHABLE_CODE = YES;
				CLANG_WARN__DUPLICATE_METHOD_MATCH = YES;
				COPY_PHASE_STRIP = NO;
				DEBUG_INFORMATION_FORMAT = "dwarf-with-dsym";
				ENABLE_NS_ASSERTIONS = NO;
				ENABLE_STRICT_OBJC_MSGSEND = YES;
				GCC_C_LANGUAGE_STANDARD = gnu11;
				GCC_NO_COMMON_BLOCKS = YES;
				GCC_WARN_64_TO_32_BIT_CONVERSION = YES;
				GCC_WARN_ABOUT_RETURN_TYPE = YES_ERROR;
				GCC_WARN_UNDECLARED_SELECTOR = YES;
				GCC_WARN_UNINITIALIZED_AUTOS = YES_AGGRESSIVE;
				GCC_WARN_UNUSED_FUNCTION = YES;
				GCC_WARN_UNUSED_VARIABLE = YES;
				IPHONEOS_DEPLOYMENT_TARGET = 14.5;
				MTL_ENABLE_DEBUG_INFO = NO;
				MTL_FAST_MATH = YES;
				SDKROOT = iphoneos;
				SWIFT_COMPILATION_MODE = wholemodule;
				SWIFT_OPTIMIZATION_LEVEL = "-O";
				VALIDATE_PRODUCT = YES;
			};
			name = Release;
		};
		B22EF2A626DE1D8800D389C1 /* Debug */ = {
			isa = XCBuildConfiguration;
			buildSettings = {
				ASSETCATALOG_COMPILER_APPICON_NAME = AppIcon;
				ASSETCATALOG_COMPILER_GLOBAL_ACCENT_COLOR_NAME = AccentColor;
				CODE_SIGN_STYLE = Automatic;
				DEVELOPMENT_TEAM = DRCMG84N3Y;
				INFOPLIST_FILE = WeatherApp/Info.plist;
				LD_RUNPATH_SEARCH_PATHS = (
					"$(inherited)",
					"@executable_path/Frameworks",
				);
				PRODUCT_BUNDLE_IDENTIFIER = com.engineering.WeatherApp;
				PRODUCT_NAME = "$(TARGET_NAME)";
				SWIFT_VERSION = 5.0;
				TARGETED_DEVICE_FAMILY = "1,2";
			};
			name = Debug;
		};
		B22EF2A726DE1D8800D389C1 /* Release */ = {
			isa = XCBuildConfiguration;
			buildSettings = {
				ASSETCATALOG_COMPILER_APPICON_NAME = AppIcon;
				ASSETCATALOG_COMPILER_GLOBAL_ACCENT_COLOR_NAME = AccentColor;
				CODE_SIGN_STYLE = Automatic;
				DEVELOPMENT_TEAM = DRCMG84N3Y;
				INFOPLIST_FILE = WeatherApp/Info.plist;
				LD_RUNPATH_SEARCH_PATHS = (
					"$(inherited)",
					"@executable_path/Frameworks",
				);
				PRODUCT_BUNDLE_IDENTIFIER = com.engineering.WeatherApp;
				PRODUCT_NAME = "$(TARGET_NAME)";
				SWIFT_VERSION = 5.0;
				TARGETED_DEVICE_FAMILY = "1,2";
			};
			name = Release;
		};
/* End XCBuildConfiguration section */

/* Begin XCConfigurationList section */
		B22EF28926DE1D8700D389C1 /* Build configuration list for PBXProject "WeatherApp" */ = {
			isa = XCConfigurationList;
			buildConfigurations = (
				B22EF2A326DE1D8800D389C1 /* Debug */,
				B22EF2A426DE1D8800D389C1 /* Release */,
			);
			defaultConfigurationIsVisible = 0;
			defaultConfigurationName = Release;
		};
		B22EF2A526DE1D8800D389C1 /* Build configuration list for PBXNativeTarget "WeatherApp" */ = {
			isa = XCConfigurationList;
			buildConfigurations = (
				B22EF2A626DE1D8800D389C1 /* Debug */,
				B22EF2A726DE1D8800D389C1 /* Release */,
			);
			defaultConfigurationIsVisible = 0;
			defaultConfigurationName = Release;
		};
/* End XCConfigurationList section */

/* Begin XCVersionGroup section */
		B22EF29A26DE1D8700D389C1 /* WeatherApp.xcdatamodeld */ = {
			isa = XCVersionGroup;
			children = (
				B22EF29B26DE1D8700D389C1 /* WeatherApp.xcdatamodel */,
			);
			currentVersion = B22EF29B26DE1D8700D389C1 /* WeatherApp.xcdatamodel */;
			path = WeatherApp.xcdatamodeld;
			sourceTree = "<group>";
			versionGroupType = wrapper.xcdatamodel;
		};
/* End XCVersionGroup section */
	};
	rootObject = B22EF28626DE1D8700D389C1 /* Project object */;
}
